# THIS IS AN AUTOGENERATED FILE. DO NOT EDIT THIS FILE DIRECTLY.
# yarn lockfile v1


collect.js@^4.25.0:
  version "4.25.0"
  resolved "https://registry.yarnpkg.com/collect.js/-/collect.js-4.25.0.tgz#3cc9580935997263ab283488d760f9956c420e8b"
  integrity sha512-Wk+cWM9iQouzCe2RulakcE6BKweADOHYcz3pVcO2e6jRPfTuZWiLmAjJ2+lI3K9ldFyp77GZVheKjaGnoTAofw==

dayjs@^1.8.27:
  version "1.8.27"
  resolved "https://registry.yarnpkg.com/dayjs/-/dayjs-1.8.27.tgz#a8ae63ee990af28c05c430f0e160ae835a0fbbf8"
  integrity sha512-Jpa2acjWIeOkg8KURUHICk0EqnEFSSF5eMEscsOgyJ92ZukXwmpmRkPSUka7KHSfbj5eKH30ieosYip+ky9emQ==

lodash@^4.17.15:
  version "4.17.15"
  resolved "https://registry.yarnpkg.com/lodash/-/lodash-4.17.15.tgz#b447f6670a0455bbfeedd11392eff330ea097548"
  integrity sha512-8xOcRHvCjnocdS5cpwXQXVzmmh5e5+saE2QGoeQmbKmRS6J3VQppPOIt0MnmE+4xlZoumy0GPG0D0MVIQbNA1A==

pluralize@^8.0.0:
  version "8.0.0"
  resolved "https://registry.yarnpkg.com/pluralize/-/pluralize-8.0.0.tgz#1a6fa16a38d12a1901e0320fa017051c539ce3b1"
  integrity sha512-Nc3IT5yHzflTfbjgqWcCPpo7DaKy4FnpB0l/zCAW0Tc7jxAiuqSxHasntB3D7887LSrA93kDJ9IXovxJYxyLCA==
